// !$*UTF8*$!
{
	archiveVersion = 1;
	classes = {
	};
	objectVersion = 46;
	objects = {

/* Begin PBXBuildFile section */
		43015D7C1E09427E0085D3B0 /* AppDelegate.swift in Sources */ = {isa = PBXBuildFile; fileRef = 43015D7B1E09427E0085D3B0 /* AppDelegate.swift */; };
		43015D811E09427E0085D3B0 /* Main.storyboard in Resources */ = {isa = PBXBuildFile; fileRef = 43015D7F1E09427E0085D3B0 /* Main.storyboard */; };
		43015D831E09427E0085D3B0 /* Assets.xcassets in Resources */ = {isa = PBXBuildFile; fileRef = 43015D821E09427E0085D3B0 /* Assets.xcassets */; };
		43015D861E09427E0085D3B0 /* LaunchScreen.storyboard in Resources */ = {isa = PBXBuildFile; fileRef = 43015D841E09427E0085D3B0 /* LaunchScreen.storyboard */; };
		43015D901E09435D0085D3B0 /* RatingTableViewController.swift in Sources */ = {isa = PBXBuildFile; fileRef = 43015D8F1E09435D0085D3B0 /* RatingTableViewController.swift */; };
		43015D931E0944A60085D3B0 /* UniversityModel.swift in Sources */ = {isa = PBXBuildFile; fileRef = 43015D921E0944A60085D3B0 /* UniversityModel.swift */; };
		43015D951E094AED0085D3B0 /* University.plist in Resources */ = {isa = PBXBuildFile; fileRef = 43015D941E094AED0085D3B0 /* University.plist */; };
		430C785C1E1F9D830097A021 /* Time.swift in Sources */ = {isa = PBXBuildFile; fileRef = 430C785B1E1F9D830097A021 /* Time.swift */; };
		431D87F81E096C52001735D1 /* University.xib in Resources */ = {isa = PBXBuildFile; fileRef = 431D87F71E096C52001735D1 /* University.xib */; };
		431D87FB1E096CAE001735D1 /* UniversityTableViewCell.swift in Sources */ = {isa = PBXBuildFile; fileRef = 431D87FA1E096CAE001735D1 /* UniversityTableViewCell.swift */; };
		431D87FE1E097622001735D1 /* SettingTableViewController.swift in Sources */ = {isa = PBXBuildFile; fileRef = 431D87FD1E097622001735D1 /* SettingTableViewController.swift */; };
		431D88011E0977A7001735D1 /* Settings.xib in Resources */ = {isa = PBXBuildFile; fileRef = 431D88001E0977A7001735D1 /* Settings.xib */; };
		431D88031E09787D001735D1 /* SettingsTableViewCell.swift in Sources */ = {isa = PBXBuildFile; fileRef = 431D88021E09787D001735D1 /* SettingsTableViewCell.swift */; };
		431D88071E098505001735D1 /* SettingsHeader.xib in Resources */ = {isa = PBXBuildFile; fileRef = 431D88061E098505001735D1 /* SettingsHeader.xib */; };
		431D88151E0985D8001735D1 /* LICENSE.txt in Resources */ = {isa = PBXBuildFile; fileRef = 431D880A1E0985D8001735D1 /* LICENSE.txt */; };
		431D88161E0985D8001735D1 /* OpenSans-Bold.ttf in Resources */ = {isa = PBXBuildFile; fileRef = 431D880B1E0985D8001735D1 /* OpenSans-Bold.ttf */; };
		431D88171E0985D8001735D1 /* OpenSans-BoldItalic.ttf in Resources */ = {isa = PBXBuildFile; fileRef = 431D880C1E0985D8001735D1 /* OpenSans-BoldItalic.ttf */; };
		431D88181E0985D8001735D1 /* OpenSans-ExtraBold.ttf in Resources */ = {isa = PBXBuildFile; fileRef = 431D880D1E0985D8001735D1 /* OpenSans-ExtraBold.ttf */; };
		431D88191E0985D8001735D1 /* OpenSans-ExtraBoldItalic.ttf in Resources */ = {isa = PBXBuildFile; fileRef = 431D880E1E0985D8001735D1 /* OpenSans-ExtraBoldItalic.ttf */; };
		431D881A1E0985D8001735D1 /* OpenSans-Italic.ttf in Resources */ = {isa = PBXBuildFile; fileRef = 431D880F1E0985D8001735D1 /* OpenSans-Italic.ttf */; };
		431D881B1E0985D8001735D1 /* OpenSans-Light.ttf in Resources */ = {isa = PBXBuildFile; fileRef = 431D88101E0985D8001735D1 /* OpenSans-Light.ttf */; };
		431D881C1E0985D8001735D1 /* OpenSans-LightItalic.ttf in Resources */ = {isa = PBXBuildFile; fileRef = 431D88111E0985D8001735D1 /* OpenSans-LightItalic.ttf */; };
		431D881D1E0985D8001735D1 /* OpenSans-Regular.ttf in Resources */ = {isa = PBXBuildFile; fileRef = 431D88121E0985D8001735D1 /* OpenSans-Regular.ttf */; };
		431D881E1E0985D8001735D1 /* OpenSans-Semibold.ttf in Resources */ = {isa = PBXBuildFile; fileRef = 431D88131E0985D8001735D1 /* OpenSans-Semibold.ttf */; };
		431D881F1E0985D8001735D1 /* OpenSans-SemiboldItalic.ttf in Resources */ = {isa = PBXBuildFile; fileRef = 431D88141E0985D8001735D1 /* OpenSans-SemiboldItalic.ttf */; };
		431D88221E0986E7001735D1 /* SettingsHeaderTableViewCell.swift in Sources */ = {isa = PBXBuildFile; fileRef = 431D88211E0986E7001735D1 /* SettingsHeaderTableViewCell.swift */; };
		4325A6E61E0BD20C00A2DE39 /* SettingsFooter.xib in Resources */ = {isa = PBXBuildFile; fileRef = 4325A6E51E0BD20C00A2DE39 /* SettingsFooter.xib */; };
		4325A6E81E0BD6A100A2DE39 /* SettingsFooterTableViewCell.swift in Sources */ = {isa = PBXBuildFile; fileRef = 4325A6E71E0BD6A100A2DE39 /* SettingsFooterTableViewCell.swift */; };
		4325A6EE1E0C1C1B00A2DE39 /* UniversityFooter.xib in Resources */ = {isa = PBXBuildFile; fileRef = 4325A6ED1E0C1C1B00A2DE39 /* UniversityFooter.xib */; };
		4325A6F01E0C1C7C00A2DE39 /* UniversityFooterTableViewCell.swift in Sources */ = {isa = PBXBuildFile; fileRef = 4325A6EF1E0C1C7C00A2DE39 /* UniversityFooterTableViewCell.swift */; };
/* End PBXBuildFile section */

/* Begin PBXFileReference section */
		43015D781E09427E0085D3B0 /* UniversityRating.app */ = {isa = PBXFileReference; explicitFileType = wrapper.application; includeInIndex = 0; path = UniversityRating.app; sourceTree = BUILT_PRODUCTS_DIR; };
		43015D7B1E09427E0085D3B0 /* AppDelegate.swift */ = {isa = PBXFileReference; lastKnownFileType = sourcecode.swift; path = AppDelegate.swift; sourceTree = "<group>"; };
		43015D801E09427E0085D3B0 /* Base */ = {isa = PBXFileReference; lastKnownFileType = file.storyboard; name = Base; path = Base.lproj/Main.storyboard; sourceTree = "<group>"; };
		43015D821E09427E0085D3B0 /* Assets.xcassets */ = {isa = PBXFileReference; lastKnownFileType = folder.assetcatalog; path = Assets.xcassets; sourceTree = "<group>"; };
		43015D851E09427E0085D3B0 /* Base */ = {isa = PBXFileReference; lastKnownFileType = file.storyboard; name = Base; path = Base.lproj/LaunchScreen.storyboard; sourceTree = "<group>"; };
		43015D871E09427E0085D3B0 /* Info.plist */ = {isa = PBXFileReference; lastKnownFileType = text.plist.xml; path = Info.plist; sourceTree = "<group>"; };
		43015D8F1E09435D0085D3B0 /* RatingTableViewController.swift */ = {isa = PBXFileReference; fileEncoding = 4; lastKnownFileType = sourcecode.swift; path = RatingTableViewController.swift; sourceTree = "<group>"; };
		43015D921E0944A60085D3B0 /* UniversityModel.swift */ = {isa = PBXFileReference; fileEncoding = 4; lastKnownFileType = sourcecode.swift; path = UniversityModel.swift; sourceTree = "<group>"; };
		43015D941E094AED0085D3B0 /* University.plist */ = {isa = PBXFileReference; fileEncoding = 4; lastKnownFileType = text.plist.xml; path = University.plist; sourceTree = "<group>"; };
		430C785B1E1F9D830097A021 /* Time.swift */ = {isa = PBXFileReference; fileEncoding = 4; lastKnownFileType = sourcecode.swift; path = Time.swift; sourceTree = "<group>"; };
		431D87F71E096C52001735D1 /* University.xib */ = {isa = PBXFileReference; fileEncoding = 4; lastKnownFileType = file.xib; name = University.xib; path = ../University.xib; sourceTree = "<group>"; };
		431D87FA1E096CAE001735D1 /* UniversityTableViewCell.swift */ = {isa = PBXFileReference; fileEncoding = 4; lastKnownFileType = sourcecode.swift; path = UniversityTableViewCell.swift; sourceTree = "<group>"; };
		431D87FD1E097622001735D1 /* SettingTableViewController.swift */ = {isa = PBXFileReference; fileEncoding = 4; lastKnownFileType = sourcecode.swift; name = SettingTableViewController.swift; path = ../SettingTableViewController.swift; sourceTree = "<group>"; };
		431D88001E0977A7001735D1 /* Settings.xib */ = {isa = PBXFileReference; fileEncoding = 4; lastKnownFileType = file.xib; path = Settings.xib; sourceTree = "<group>"; };
		431D88021E09787D001735D1 /* SettingsTableViewCell.swift */ = {isa = PBXFileReference; fileEncoding = 4; lastKnownFileType = sourcecode.swift; path = SettingsTableViewCell.swift; sourceTree = "<group>"; };
		431D88061E098505001735D1 /* SettingsHeader.xib */ = {isa = PBXFileReference; fileEncoding = 4; lastKnownFileType = file.xib; path = SettingsHeader.xib; sourceTree = "<group>"; };
		431D880A1E0985D8001735D1 /* LICENSE.txt */ = {isa = PBXFileReference; fileEncoding = 4; lastKnownFileType = text; path = LICENSE.txt; sourceTree = "<group>"; };
		431D880B1E0985D8001735D1 /* OpenSans-Bold.ttf */ = {isa = PBXFileReference; lastKnownFileType = file; path = "OpenSans-Bold.ttf"; sourceTree = "<group>"; };
		431D880C1E0985D8001735D1 /* OpenSans-BoldItalic.ttf */ = {isa = PBXFileReference; lastKnownFileType = file; path = "OpenSans-BoldItalic.ttf"; sourceTree = "<group>"; };
		431D880D1E0985D8001735D1 /* OpenSans-ExtraBold.ttf */ = {isa = PBXFileReference; lastKnownFileType = file; path = "OpenSans-ExtraBold.ttf"; sourceTree = "<group>"; };
		431D880E1E0985D8001735D1 /* OpenSans-ExtraBoldItalic.ttf */ = {isa = PBXFileReference; lastKnownFileType = file; path = "OpenSans-ExtraBoldItalic.ttf"; sourceTree = "<group>"; };
		431D880F1E0985D8001735D1 /* OpenSans-Italic.ttf */ = {isa = PBXFileReference; lastKnownFileType = file; path = "OpenSans-Italic.ttf"; sourceTree = "<group>"; };
		431D88101E0985D8001735D1 /* OpenSans-Light.ttf */ = {isa = PBXFileReference; lastKnownFileType = file; path = "OpenSans-Light.ttf"; sourceTree = "<group>"; };
		431D88111E0985D8001735D1 /* OpenSans-LightItalic.ttf */ = {isa = PBXFileReference; lastKnownFileType = file; path = "OpenSans-LightItalic.ttf"; sourceTree = "<group>"; };
		431D88121E0985D8001735D1 /* OpenSans-Regular.ttf */ = {isa = PBXFileReference; lastKnownFileType = file; path = "OpenSans-Regular.ttf"; sourceTree = "<group>"; };
		431D88131E0985D8001735D1 /* OpenSans-Semibold.ttf */ = {isa = PBXFileReference; lastKnownFileType = file; path = "OpenSans-Semibold.ttf"; sourceTree = "<group>"; };
		431D88141E0985D8001735D1 /* OpenSans-SemiboldItalic.ttf */ = {isa = PBXFileReference; lastKnownFileType = file; path = "OpenSans-SemiboldItalic.ttf"; sourceTree = "<group>"; };
		431D88211E0986E7001735D1 /* SettingsHeaderTableViewCell.swift */ = {isa = PBXFileReference; fileEncoding = 4; lastKnownFileType = sourcecode.swift; path = SettingsHeaderTableViewCell.swift; sourceTree = "<group>"; };
		4325A6E51E0BD20C00A2DE39 /* SettingsFooter.xib */ = {isa = PBXFileReference; fileEncoding = 4; lastKnownFileType = file.xib; path = SettingsFooter.xib; sourceTree = "<group>"; };
		4325A6E71E0BD6A100A2DE39 /* SettingsFooterTableViewCell.swift */ = {isa = PBXFileReference; fileEncoding = 4; lastKnownFileType = sourcecode.swift; path = SettingsFooterTableViewCell.swift; sourceTree = "<group>"; };
		4325A6ED1E0C1C1B00A2DE39 /* UniversityFooter.xib */ = {isa = PBXFileReference; fileEncoding = 4; lastKnownFileType = file.xib; path = UniversityFooter.xib; sourceTree = "<group>"; };
		4325A6EF1E0C1C7C00A2DE39 /* UniversityFooterTableViewCell.swift */ = {isa = PBXFileReference; fileEncoding = 4; lastKnownFileType = sourcecode.swift; path = UniversityFooterTableViewCell.swift; sourceTree = "<group>"; };
/* End PBXFileReference section */

/* Begin PBXFrameworksBuildPhase section */
		43015D751E09427E0085D3B0 /* Frameworks */ = {
			isa = PBXFrameworksBuildPhase;
			buildActionMask = 2147483647;
			files = (
			);
			runOnlyForDeploymentPostprocessing = 0;
		};
/* End PBXFrameworksBuildPhase section */

/* Begin PBXGroup section */
		43015D6F1E09427E0085D3B0 = {
			isa = PBXGroup;
			children = (
				430C785B1E1F9D830097A021 /* Time.swift */,
				43015D7A1E09427E0085D3B0 /* UniversityRating */,
				43015D791E09427E0085D3B0 /* Products */,
			);
			sourceTree = "<group>";
		};
		43015D791E09427E0085D3B0 /* Products */ = {
			isa = PBXGroup;
			children = (
				43015D781E09427E0085D3B0 /* UniversityRating.app */,
			);
			name = Products;
			sourceTree = "<group>";
		};
		43015D7A1E09427E0085D3B0 /* UniversityRating */ = {
			isa = PBXGroup;
			children = (
				431D88091E0985D8001735D1 /* Open_Sans */,
				431D87FC1E097574001735D1 /* Model */,
				431D87FF1E097745001735D1 /* SettingsCell */,
				431D87F91E096C8C001735D1 /* UniversityCell */,
				43015D7B1E09427E0085D3B0 /* AppDelegate.swift */,
				43015D8F1E09435D0085D3B0 /* RatingTableViewController.swift */,
				431D87FD1E097622001735D1 /* SettingTableViewController.swift */,
				43015D7F1E09427E0085D3B0 /* Main.storyboard */,
				43015D821E09427E0085D3B0 /* Assets.xcassets */,
				43015D841E09427E0085D3B0 /* LaunchScreen.storyboard */,
				43015D871E09427E0085D3B0 /* Info.plist */,
			);
			path = UniversityRating;
			sourceTree = "<group>";
		};
		431D87F91E096C8C001735D1 /* UniversityCell */ = {
			isa = PBXGroup;
			children = (
				431D87F71E096C52001735D1 /* University.xib */,
				431D87FA1E096CAE001735D1 /* UniversityTableViewCell.swift */,
				4325A6ED1E0C1C1B00A2DE39 /* UniversityFooter.xib */,
				4325A6EF1E0C1C7C00A2DE39 /* UniversityFooterTableViewCell.swift */,
			);
			name = UniversityCell;
			sourceTree = "<group>";
		};
		431D87FC1E097574001735D1 /* Model */ = {
			isa = PBXGroup;
			children = (
				43015D941E094AED0085D3B0 /* University.plist */,
				43015D921E0944A60085D3B0 /* UniversityModel.swift */,
			);
			name = Model;
			sourceTree = "<group>";
		};
		431D87FF1E097745001735D1 /* SettingsCell */ = {
			isa = PBXGroup;
			children = (
				431D88001E0977A7001735D1 /* Settings.xib */,
				431D88021E09787D001735D1 /* SettingsTableViewCell.swift */,
				431D88061E098505001735D1 /* SettingsHeader.xib */,
				431D88211E0986E7001735D1 /* SettingsHeaderTableViewCell.swift */,
				4325A6E51E0BD20C00A2DE39 /* SettingsFooter.xib */,
				4325A6E71E0BD6A100A2DE39 /* SettingsFooterTableViewCell.swift */,
			);
			name = SettingsCell;
			sourceTree = "<group>";
		};
		431D88091E0985D8001735D1 /* Open_Sans */ = {
			isa = PBXGroup;
			children = (
				431D880A1E0985D8001735D1 /* LICENSE.txt */,
				431D880B1E0985D8001735D1 /* OpenSans-Bold.ttf */,
				431D880C1E0985D8001735D1 /* OpenSans-BoldItalic.ttf */,
				431D880D1E0985D8001735D1 /* OpenSans-ExtraBold.ttf */,
				431D880E1E0985D8001735D1 /* OpenSans-ExtraBoldItalic.ttf */,
				431D880F1E0985D8001735D1 /* OpenSans-Italic.ttf */,
				431D88101E0985D8001735D1 /* OpenSans-Light.ttf */,
				431D88111E0985D8001735D1 /* OpenSans-LightItalic.ttf */,
				431D88121E0985D8001735D1 /* OpenSans-Regular.ttf */,
				431D88131E0985D8001735D1 /* OpenSans-Semibold.ttf */,
				431D88141E0985D8001735D1 /* OpenSans-SemiboldItalic.ttf */,
			);
			path = Open_Sans;
			sourceTree = "<group>";
		};
/* End PBXGroup section */

/* Begin PBXNativeTarget section */
		43015D771E09427E0085D3B0 /* UniversityRating */ = {
			isa = PBXNativeTarget;
			buildConfigurationList = 43015D8A1E09427E0085D3B0 /* Build configuration list for PBXNativeTarget "UniversityRating" */;
			buildPhases = (
				43015D741E09427E0085D3B0 /* Sources */,
				43015D751E09427E0085D3B0 /* Frameworks */,
				43015D761E09427E0085D3B0 /* Resources */,
			);
			buildRules = (
			);
			dependencies = (
			);
			name = UniversityRating;
			productName = UniversityRating;
			productReference = 43015D781E09427E0085D3B0 /* UniversityRating.app */;
			productType = "com.apple.product-type.application";
		};
/* End PBXNativeTarget section */

/* Begin PBXProject section */
		43015D701E09427E0085D3B0 /* Project object */ = {
			isa = PBXProject;
			attributes = {
				LastSwiftUpdateCheck = 0820;
				LastUpgradeCheck = 0820;
				ORGANIZATIONNAME = Izzy;
				TargetAttributes = {
					43015D771E09427E0085D3B0 = {
						CreatedOnToolsVersion = 8.2;
						DevelopmentTeam = 6HA878TP6G;
						LastSwiftMigration = 0820;
						ProvisioningStyle = Automatic;
					};
				};
			};
			buildConfigurationList = 43015D731E09427E0085D3B0 /* Build configuration list for PBXProject "UniversityRating" */;
			compatibilityVersion = "Xcode 3.2";
			developmentRegion = English;
			hasScannedForEncodings = 0;
			knownRegions = (
				en,
				Base,
			);
			mainGroup = 43015D6F1E09427E0085D3B0;
			productRefGroup = 43015D791E09427E0085D3B0 /* Products */;
			projectDirPath = "";
			projectRoot = "";
			targets = (
				43015D771E09427E0085D3B0 /* UniversityRating */,
			);
		};
/* End PBXProject section */

/* Begin PBXResourcesBuildPhase section */
		43015D761E09427E0085D3B0 /* Resources */ = {
			isa = PBXResourcesBuildPhase;
			buildActionMask = 2147483647;
			files = (
				431D88011E0977A7001735D1 /* Settings.xib in Resources */,
				4325A6E61E0BD20C00A2DE39 /* SettingsFooter.xib in Resources */,
				431D88181E0985D8001735D1 /* OpenSans-ExtraBold.ttf in Resources */,
				431D881B1E0985D8001735D1 /* OpenSans-Light.ttf in Resources */,
				43015D951E094AED0085D3B0 /* University.plist in Resources */,
				43015D861E09427E0085D3B0 /* LaunchScreen.storyboard in Resources */,
				431D881A1E0985D8001735D1 /* OpenSans-Italic.ttf in Resources */,
				431D881D1E0985D8001735D1 /* OpenSans-Regular.ttf in Resources */,
				431D87F81E096C52001735D1 /* University.xib in Resources */,
				431D88171E0985D8001735D1 /* OpenSans-BoldItalic.ttf in Resources */,
				431D88151E0985D8001735D1 /* LICENSE.txt in Resources */,
				431D881F1E0985D8001735D1 /* OpenSans-SemiboldItalic.ttf in Resources */,
				431D88191E0985D8001735D1 /* OpenSans-ExtraBoldItalic.ttf in Resources */,
				431D88161E0985D8001735D1 /* OpenSans-Bold.ttf in Resources */,
				43015D831E09427E0085D3B0 /* Assets.xcassets in Resources */,
				43015D811E09427E0085D3B0 /* Main.storyboard in Resources */,
				431D88071E098505001735D1 /* SettingsHeader.xib in Resources */,
				431D881C1E0985D8001735D1 /* OpenSans-LightItalic.ttf in Resources */,
				4325A6EE1E0C1C1B00A2DE39 /* UniversityFooter.xib in Resources */,
				431D881E1E0985D8001735D1 /* OpenSans-Semibold.ttf in Resources */,
			);
			runOnlyForDeploymentPostprocessing = 0;
		};
/* End PBXResourcesBuildPhase section */

/* Begin PBXSourcesBuildPhase section */
		43015D741E09427E0085D3B0 /* Sources */ = {
			isa = PBXSourcesBuildPhase;
			buildActionMask = 2147483647;
			files = (
				43015D901E09435D0085D3B0 /* RatingTableViewController.swift in Sources */,
				4325A6F01E0C1C7C00A2DE39 /* UniversityFooterTableViewCell.swift in Sources */,
				430C785C1E1F9D830097A021 /* Time.swift in Sources */,
				43015D7C1E09427E0085D3B0 /* AppDelegate.swift in Sources */,
				431D88031E09787D001735D1 /* SettingsTableViewCell.swift in Sources */,
				43015D931E0944A60085D3B0 /* UniversityModel.swift in Sources */,
				431D88221E0986E7001735D1 /* SettingsHeaderTableViewCell.swift in Sources */,
				4325A6E81E0BD6A100A2DE39 /* SettingsFooterTableViewCell.swift in Sources */,
				431D87FB1E096CAE001735D1 /* UniversityTableViewCell.swift in Sources */,
				431D87FE1E097622001735D1 /* SettingTableViewController.swift in Sources */,
			);
			runOnlyForDeploymentPostprocessing = 0;
		};
/* End PBXSourcesBuildPhase section */

/* Begin PBXVariantGroup section */
		43015D7F1E09427E0085D3B0 /* Main.storyboard */ = {
			isa = PBXVariantGroup;
			children = (
				43015D801E09427E0085D3B0 /* Base */,
			);
			name = Main.storyboard;
			sourceTree = "<group>";
		};
		43015D841E09427E0085D3B0 /* LaunchScreen.storyboard */ = {
			isa = PBXVariantGroup;
			children = (
				43015D851E09427E0085D3B0 /* Base */,
			);
			name = LaunchScreen.storyboard;
			sourceTree = "<group>";
		};
/* End PBXVariantGroup section */

/* Begin XCBuildConfiguration section */
		43015D881E09427E0085D3B0 /* Debug */ = {
			isa = XCBuildConfiguration;
			buildSettings = {
				ALWAYS_SEARCH_USER_PATHS = NO;
				CLANG_ANALYZER_NONNULL = YES;
				CLANG_CXX_LANGUAGE_STANDARD = "gnu++0x";
				CLANG_CXX_LIBRARY = "libc++";
				CLANG_ENABLE_MODULES = YES;
				CLANG_ENABLE_OBJC_ARC = YES;
				CLANG_WARN_BOOL_CONVERSION = YES;
				CLANG_WARN_CONSTANT_CONVERSION = YES;
				CLANG_WARN_DIRECT_OBJC_ISA_USAGE = YES_ERROR;
				CLANG_WARN_DOCUMENTATION_COMMENTS = YES;
				CLANG_WARN_EMPTY_BODY = YES;
				CLANG_WARN_ENUM_CONVERSION = YES;
				CLANG_WARN_INFINITE_RECURSION = YES;
				CLANG_WARN_INT_CONVERSION = YES;
				CLANG_WARN_OBJC_ROOT_CLASS = YES_ERROR;
				CLANG_WARN_SUSPICIOUS_MOVE = YES;
				CLANG_WARN_UNREACHABLE_CODE = YES;
				CLANG_WARN__DUPLICATE_METHOD_MATCH = YES;
				"CODE_SIGN_IDENTITY[sdk=iphoneos*]" = "iPhone Developer";
				COPY_PHASE_STRIP = NO;
				DEBUG_INFORMATION_FORMAT = dwarf;
				ENABLE_STRICT_OBJC_MSGSEND = YES;
				ENABLE_TESTABILITY = YES;
				GCC_C_LANGUAGE_STANDARD = gnu99;
				GCC_DYNAMIC_NO_PIC = NO;
				GCC_NO_COMMON_BLOCKS = YES;
				GCC_OPTIMIZATION_LEVEL = 0;
				GCC_PREPROCESSOR_DEFINITIONS = (
					"DEBUG=1",
					"$(inherited)",
				);
				GCC_WARN_64_TO_32_BIT_CONVERSION = YES;
				GCC_WARN_ABOUT_RETURN_TYPE = YES_ERROR;
				GCC_WARN_UNDECLARED_SELECTOR = YES;
				GCC_WARN_UNINITIALIZED_AUTOS = YES_AGGRESSIVE;
				GCC_WARN_UNUSED_FUNCTION = YES;
				GCC_WARN_UNUSED_VARIABLE = YES;
				IPHONEOS_DEPLOYMENT_TARGET = 10.2;
				MTL_ENABLE_DEBUG_INFO = YES;
				ONLY_ACTIVE_ARCH = YES;
				SDKROOT = iphoneos;
				SWIFT_ACTIVE_COMPILATION_CONDITIONS = DEBUG;
				SWIFT_OPTIMIZATION_LEVEL = "-Onone";
				TARGETED_DEVICE_FAMILY = "1,2";
			};
			name = Debug;
		};
		43015D891E09427E0085D3B0 /* Release */ = {
			isa = XCBuildConfiguration;
			buildSettings = {
				ALWAYS_SEARCH_USER_PATHS = NO;
				CLANG_ANALYZER_NONNULL = YES;
				CLANG_CXX_LANGUAGE_STANDARD = "gnu++0x";
				CLANG_CXX_LIBRARY = "libc++";
				CLANG_ENABLE_MODULES = YES;
				CLANG_ENABLE_OBJC_ARC = YES;
				CLANG_WARN_BOOL_CONVERSION = YES;
				CLANG_WARN_CONSTANT_CONVERSION = YES;
				CLANG_WARN_DIRECT_OBJC_ISA_USAGE = YES_ERROR;
				CLANG_WARN_DOCUMENTATION_COMMENTS = YES;
				CLANG_WARN_EMPTY_BODY = YES;
				CLANG_WARN_ENUM_CONVERSION = YES;
				CLANG_WARN_INFINITE_RECURSION = YES;
				CLANG_WARN_INT_CONVERSION = YES;
				CLANG_WARN_OBJC_ROOT_CLASS = YES_ERROR;
				CLANG_WARN_SUSPICIOUS_MOVE = YES;
				CLANG_WARN_UNREACHABLE_CODE = YES;
				CLANG_WARN__DUPLICATE_METHOD_MATCH = YES;
				"CODE_SIGN_IDENTITY[sdk=iphoneos*]" = "iPhone Developer";
				COPY_PHASE_STRIP = NO;
				DEBUG_INFORMATION_FORMAT = "dwarf-with-dsym";
				ENABLE_NS_ASSERTIONS = NO;
				ENABLE_STRICT_OBJC_MSGSEND = YES;
				GCC_C_LANGUAGE_STANDARD = gnu99;
				GCC_NO_COMMON_BLOCKS = YES;
				GCC_WARN_64_TO_32_BIT_CONVERSION = YES;
				GCC_WARN_ABOUT_RETURN_TYPE = YES_ERROR;
				GCC_WARN_UNDECLARED_SELECTOR = YES;
				GCC_WARN_UNINITIALIZED_AUTOS = YES_AGGRESSIVE;
				GCC_WARN_UNUSED_FUNCTION = YES;
				GCC_WARN_UNUSED_VARIABLE = YES;
				IPHONEOS_DEPLOYMENT_TARGET = 10.2;
				MTL_ENABLE_DEBUG_INFO = NO;
				SDKROOT = iphoneos;
				SWIFT_OPTIMIZATION_LEVEL = "-Owholemodule";
				TARGETED_DEVICE_FAMILY = "1,2";
				VALIDATE_PRODUCT = YES;
			};
			name = Release;
		};
		43015D8B1E09427E0085D3B0 /* Debug */ = {
			isa = XCBuildConfiguration;
			buildSettings = {
				ASSETCATALOG_COMPILER_APPICON_NAME = AppIcon;
				DEVELOPMENT_TEAM = 6HA878TP6G;
				INFOPLIST_FILE = UniversityRating/Info.plist;
				LD_RUNPATH_SEARCH_PATHS = "$(inherited) @executable_path/Frameworks";
				PRODUCT_BUNDLE_IDENTIFIER = com.reraise.UniversityRating;
				PRODUCT_NAME = "$(TARGET_NAME)";
				SWIFT_VERSION = 3.0;
			};
			name = Debug;
		};
		43015D8C1E09427E0085D3B0 /* Release */ = {
			isa = XCBuildConfiguration;
			buildSettings = {
				ASSETCATALOG_COMPILER_APPICON_NAME = AppIcon;
				DEVELOPMENT_TEAM = 6HA878TP6G;
				INFOPLIST_FILE = UniversityRating/Info.plist;
				LD_RUNPATH_SEARCH_PATHS = "$(inherited) @executable_path/Frameworks";
				PRODUCT_BUNDLE_IDENTIFIER = com.reraise.UniversityRating;
				PRODUCT_NAME = "$(TARGET_NAME)";
				SWIFT_VERSION = 3.0;
			};
			name = Release;
		};
/* End XCBuildConfiguration section */

/* Begin XCConfigurationList section */
		43015D731E09427E0085D3B0 /* Build configuration list for PBXProject "UniversityRating" */ = {
			isa = XCConfigurationList;
			buildConfigurations = (
				43015D881E09427E0085D3B0 /* Debug */,
				43015D891E09427E0085D3B0 /* Release */,
			);
			defaultConfigurationIsVisible = 0;
			defaultConfigurationName = Release;
		};
		43015D8A1E09427E0085D3B0 /* Build configuration list for PBXNativeTarget "UniversityRating" */ = {
			isa = XCConfigurationList;
			buildConfigurations = (
				43015D8B1E09427E0085D3B0 /* Debug */,
				43015D8C1E09427E0085D3B0 /* Release */,
			);
			defaultConfigurationIsVisible = 0;
			defaultConfigurationName = Release;
		};
/* End XCConfigurationList section */
	};
	rootObject = 43015D701E09427E0085D3B0 /* Project object */;
}
